<?xml version="1.0" encoding="UTF-8" standalone="yes" ?>
<CodeBlocks_project_file>
	<FileVersion major="1" minor="6" />
	<Project>
		<Option title="winquake" />
		<Option pch_mode="2" />
		<Option compiler="gcc" />
		<Build>
			<Target title="Win32 GL Debug">
				<Option output="C:/quake/fxquake" prefix_auto="1" extension_auto="1" />
				<Option working_dir="C:/quake" />
				<Option object_output="./Debug" />
				<Option type="0" />
				<Option compiler="gcc" />
				<Option parameters="-window -game rotate +map tst" />
				<Compiler>
					<Add option="-g" />
					<Add option="-DDEBUG" />
				</Compiler>
				<Linker>
					<Add library="dxguid" />
					<Add library="dinput" />
					<Add library="dsound" />
					<Add library="winmm" />
					<Add library="wsock32" />
					<Add library="opengl32" />
					<Add library="kernel32" />
					<Add library="user32" />
					<Add library="gdi32" />
				</Linker>
			</Target>
			<Target title="Win32 GL Release">
				<Option output="C:/quake/fxquake" prefix_auto="1" extension_auto="1" />
				<Option working_dir="C:/quake" />
				<Option object_output="./Release" />
				<Option type="0" />
				<Option compiler="gcc" />
				<Option parameters="-window" />
				<Compiler>
					<Add option="-O2" />
					<Add option="-DNDEBUG" />
				</Compiler>
				<Linker>
					<Add library="dxguid" />
					<Add library="dinput" />
					<Add library="dsound" />
					<Add library="winmm" />
					<Add library="wsock32" />
					<Add library="opengl32" />
					<Add library="kernel32" />
					<Add library="user32" />
					<Add library="gdi32" />
				</Linker>
			</Target>
		</Build>
		<Compiler>
			<Add option="-Wno-trigraphs" />
			<Add directory="C:/MinGW/include/w32api" />
		</Compiler>
		<Unit filename="anorm_dots.h" />
		<Unit filename="anorms.h" />
		<Unit filename="bspfile.h" />
		<Unit filename="cd_win.c">
			<Option compilerVar="CC" />
		</Unit>
		<Unit filename="cdaudio.h" />
		<Unit filename="chase.c">
			<Option compilerVar="CC" />
		</Unit>
		<Unit filename="cl_demo.c">
			<Option compilerVar="CC" />
		</Unit>
		<Unit filename="cl_input.c">
			<Option compilerVar="CC" />
		</Unit>
		<Unit filename="cl_main.c">
			<Option compilerVar="CC" />
		</Unit>
		<Unit filename="cl_parse.c">
			<Option compilerVar="CC" />
		</Unit>
		<Unit filename="cl_tent.c">
			<Option compilerVar="CC" />
		</Unit>
		<Unit filename="client.h" />
		<Unit filename="cmd.c">
			<Option compilerVar="CC" />
		</Unit>
		<Unit filename="cmd.h" />
		<Unit filename="common.c">
			<Option compilerVar="CC" />
		</Unit>
		<Unit filename="common.h" />
		<Unit filename="conproc.c">
			<Option compilerVar="CC" />
		</Unit>
		<Unit filename="conproc.h" />
		<Unit filename="console.c">
			<Option compilerVar="CC" />
		</Unit>
		<Unit filename="console.h" />
		<Unit filename="crc.c">
			<Option compilerVar="CC" />
		</Unit>
		<Unit filename="crc.h" />
		<Unit filename="cvar.c">
			<Option compilerVar="CC" />
		</Unit>
		<Unit filename="cvar.h" />
		<Unit filename="draw.h" />
		<Unit filename="gl_anim.c">
			<Option compilerVar="CC" />
		</Unit>
		<Unit filename="gl_draw.c">
			<Option compilerVar="CC" />
		</Unit>
		<Unit filename="gl_efrag.c">
			<Option compilerVar="CC" />
		</Unit>
		<Unit filename="gl_light.c">
			<Option compilerVar="CC" />
		</Unit>
		<Unit filename="gl_main.c">
			<Option compilerVar="CC" />
		</Unit>
		<Unit filename="gl_mesh.c">
			<Option compilerVar="CC" />
		</Unit>
		<Unit filename="gl_misc.c">
			<Option compilerVar="CC" />
		</Unit>
		<Unit filename="gl_model.c">
			<Option compilerVar="CC" />
		</Unit>
		<Unit filename="gl_part.c">
			<Option compilerVar="CC" />
		</Unit>
		<Unit filename="gl_screen.c">
			<Option compilerVar="CC" />
		</Unit>
		<Unit filename="gl_surf.c">
			<Option compilerVar="CC" />
		</Unit>
		<Unit filename="gl_warp_sin.h" />
		<Unit filename="glquake.h" />
		<Unit filename="host.c">
			<Option compilerVar="CC" />
		</Unit>
		<Unit filename="host_cmd.c">
			<Option compilerVar="CC" />
		</Unit>
		<Unit filename="in_win.c">
			<Option compilerVar="CC" />
		</Unit>
		<Unit filename="input.h" />
		<Unit filename="keys.c">
			<Option compilerVar="CC" />
		</Unit>
		<Unit filename="keys.h" />
		<Unit filename="mathlib.c">
			<Option compilerVar="CC" />
		</Unit>
		<Unit filename="mathlib.h" />
		<Unit filename="menu.c">
			<Option compilerVar="CC" />
		</Unit>
		<Unit filename="menu.h" />
		<Unit filename="model.h" />
		<Unit filename="modelgen.h" />
		<Unit filename="net.h" />
		<Unit filename="net_dgrm.c">
			<Option compilerVar="CC" />
		</Unit>
		<Unit filename="net_dgrm.h" />
		<Unit filename="net_loop.c">
			<Option compilerVar="CC" />
		</Unit>
		<Unit filename="net_loop.h" />
		<Unit filename="net_main.c">
			<Option compilerVar="CC" />
		</Unit>
		<Unit filename="net_win.c">
			<Option compilerVar="CC" />
		</Unit>
		<Unit filename="net_wins.c">
			<Option compilerVar="CC" />
		</Unit>
		<Unit filename="net_wins.h" />
		<Unit filename="pr_cmds.c">
			<Option compilerVar="CC" />
		</Unit>
		<Unit filename="pr_comp.h" />
		<Unit filename="pr_edict.c">
			<Option compilerVar="CC" />
		</Unit>
		<Unit filename="pr_exec.c">
			<Option compilerVar="CC" />
		</Unit>
		<Unit filename="progdefs.h" />
		<Unit filename="progdefs.q1" />
		<Unit filename="progs.h" />
		<Unit filename="protocol.h" />
		<Unit filename="quake.ico" />
		<Unit filename="quakedef.h" />
		<Unit filename="render.h" />
		<Unit filename="resource.h" />
		<Unit filename="sbar.c">
			<Option compilerVar="CC" />
		</Unit>
		<Unit filename="sbar.h" />
		<Unit filename="screen.h" />
		<Unit filename="server.h" />
		<Unit filename="snd_dma.c">
			<Option compilerVar="CC" />
		</Unit>
		<Unit filename="snd_mem.c">
			<Option compilerVar="CC" />
		</Unit>
		<Unit filename="snd_mix.c">
			<Option compilerVar="CC" />
		</Unit>
		<Unit filename="snd_win.c">
			<Option compilerVar="CC" />
		</Unit>
		<Unit filename="sound.h" />
		<Unit filename="spritegn.h" />
		<Unit filename="sv_main.c">
			<Option compilerVar="CC" />
		</Unit>
		<Unit filename="sv_move.c">
			<Option compilerVar="CC" />
		</Unit>
		<Unit filename="sv_phys.c">
			<Option compilerVar="CC" />
		</Unit>
		<Unit filename="sv_user.c">
			<Option compilerVar="CC" />
		</Unit>
		<Unit filename="sys.h" />
		<Unit filename="sys_win.c">
			<Option compilerVar="CC" />
		</Unit>
		<Unit filename="vid.h" />
		<Unit filename="vid_wgl.c">
			<Option compilerVar="CC" />
		</Unit>
		<Unit filename="view.c">
			<Option compilerVar="CC" />
		</Unit>
		<Unit filename="view.h" />
		<Unit filename="wad.c">
			<Option compilerVar="CC" />
		</Unit>
		<Unit filename="wad.h" />
		<Unit filename="winquake.h" />
		<Unit filename="winquake.rc">
			<Option compilerVar="WINDRES" />
		</Unit>
		<Unit filename="world.c">
			<Option compilerVar="CC" />
		</Unit>
		<Unit filename="world.h" />
		<Unit filename="zone.c">
			<Option compilerVar="CC" />
		</Unit>
		<Unit filename="zone.h" />
		<Extensions>
			<code_completion />
			<envvars />
			<debugger />
			<lib_finder disable_auto="1" />
		</Extensions>
	</Project>
</CodeBlocks_project_file>
