// !$*UTF8*$!
{
	archiveVersion = 1;
	classes = {
	};
	objectVersion = 46;
	objects = {

/* Begin PBXBuildFile section */
		4215AFEB1FC76F8800064F60 /* AudioToolbox.framework in Frameworks */ = {isa = PBXBuildFile; fileRef = 4215AFEA1FC76F8800064F60 /* AudioToolbox.framework */; };
		428B32831FD48E7D00E5197A /* AudioUnit.framework in Frameworks */ = {isa = PBXBuildFile; fileRef = 4215AFED1FC7736D00064F60 /* AudioUnit.framework */; };
		42A7FC6C1EA2BA88002A1C29 /* Cocoa.framework in Frameworks */ = {isa = PBXBuildFile; fileRef = 428D9ED51DFF2769000ACF30 /* Cocoa.framework */; };
		42B718371EA2C0E400BD51E1 /* cd_mac.m in Sources */ = {isa = PBXBuildFile; fileRef = 42F16D141E01DC28001659BD /* cd_mac.m */; };
		42B718381EA2C0E400BD51E1 /* chase.c in Sources */ = {isa = PBXBuildFile; fileRef = 4273FAB51DFF2EDA005DC9A7 /* chase.c */; };
		42B718391EA2C0E400BD51E1 /* cl_demo.c in Sources */ = {isa = PBXBuildFile; fileRef = 4273FAB61DFF2EDA005DC9A7 /* cl_demo.c */; };
		42B7183A1EA2C0E400BD51E1 /* cl_input.c in Sources */ = {isa = PBXBuildFile; fileRef = 4273FAB71DFF2EDA005DC9A7 /* cl_input.c */; };
		42B7183B1EA2C0E400BD51E1 /* cl_main.c in Sources */ = {isa = PBXBuildFile; fileRef = 4273FAB81DFF2EDA005DC9A7 /* cl_main.c */; };
		42B7183C1EA2C0E400BD51E1 /* cl_parse.c in Sources */ = {isa = PBXBuildFile; fileRef = 4273FAB91DFF2EDA005DC9A7 /* cl_parse.c */; };
		42B7183D1EA2C0E400BD51E1 /* cl_tent.c in Sources */ = {isa = PBXBuildFile; fileRef = 4273FABA1DFF2EDA005DC9A7 /* cl_tent.c */; };
		42B7183E1EA2C0E400BD51E1 /* cmd.c in Sources */ = {isa = PBXBuildFile; fileRef = 4273FABC1DFF2EDA005DC9A7 /* cmd.c */; };
		42B7183F1EA2C0E400BD51E1 /* common.c in Sources */ = {isa = PBXBuildFile; fileRef = 4273FABE1DFF2EDA005DC9A7 /* common.c */; };
		42B718401EA2C0E400BD51E1 /* console.c in Sources */ = {isa = PBXBuildFile; fileRef = 4273FAC01DFF2EDA005DC9A7 /* console.c */; };
		42B718411EA2C0E400BD51E1 /* crc.c in Sources */ = {isa = PBXBuildFile; fileRef = 4273FAC21DFF2EDA005DC9A7 /* crc.c */; };
		42B718421EA2C0E400BD51E1 /* cvar.c in Sources */ = {isa = PBXBuildFile; fileRef = 4273FAC41DFF2EDA005DC9A7 /* cvar.c */; };
		42B718431EA2C0E400BD51E1 /* gl_anim.c in Sources */ = {isa = PBXBuildFile; fileRef = 4273FAC71DFF2EDA005DC9A7 /* gl_anim.c */; };
		42B718441EA2C0E400BD51E1 /* gl_draw.c in Sources */ = {isa = PBXBuildFile; fileRef = 4273FAC81DFF2EDA005DC9A7 /* gl_draw.c */; };
		42B718451EA2C0E400BD51E1 /* gl_efrag.c in Sources */ = {isa = PBXBuildFile; fileRef = 4273FAC91DFF2EDA005DC9A7 /* gl_efrag.c */; };
		42B718461EA2C0E400BD51E1 /* gl_light.c in Sources */ = {isa = PBXBuildFile; fileRef = 4273FACA1DFF2EDA005DC9A7 /* gl_light.c */; };
		42B718471EA2C0E400BD51E1 /* gl_main.c in Sources */ = {isa = PBXBuildFile; fileRef = 4273FACB1DFF2EDA005DC9A7 /* gl_main.c */; };
		42B718491EA2C0F700BD51E1 /* gl_mesh.c in Sources */ = {isa = PBXBuildFile; fileRef = 4273FACC1DFF2EDA005DC9A7 /* gl_mesh.c */; };
		42B7184A1EA2C0F700BD51E1 /* gl_misc.c in Sources */ = {isa = PBXBuildFile; fileRef = 4273FACD1DFF2EDA005DC9A7 /* gl_misc.c */; };
		42B7184B1EA2C0F700BD51E1 /* gl_model.c in Sources */ = {isa = PBXBuildFile; fileRef = 4273FACE1DFF2EDA005DC9A7 /* gl_model.c */; };
		42B7184C1EA2C0F700BD51E1 /* gl_part.c in Sources */ = {isa = PBXBuildFile; fileRef = 4273FACF1DFF2EDA005DC9A7 /* gl_part.c */; };
		42B7184D1EA2C0F700BD51E1 /* gl_screen.c in Sources */ = {isa = PBXBuildFile; fileRef = 4273FAD01DFF2EDA005DC9A7 /* gl_screen.c */; };
		42B7184E1EA2C0F700BD51E1 /* gl_surf.c in Sources */ = {isa = PBXBuildFile; fileRef = 4273FAD11DFF2EDA005DC9A7 /* gl_surf.c */; };
		42B7184F1EA2C0F700BD51E1 /* host_cmd.c in Sources */ = {isa = PBXBuildFile; fileRef = 4273FAD41DFF2EDA005DC9A7 /* host_cmd.c */; };
		42B718501EA2C0F700BD51E1 /* host.c in Sources */ = {isa = PBXBuildFile; fileRef = 4273FAD51DFF2EDA005DC9A7 /* host.c */; };
		42B718511EA2C0F700BD51E1 /* in_mac.m in Sources */ = {isa = PBXBuildFile; fileRef = 42F16D151E01DC28001659BD /* in_mac.m */; };
		42B718521EA2C0F700BD51E1 /* keys.c in Sources */ = {isa = PBXBuildFile; fileRef = 4273FAD81DFF2EDA005DC9A7 /* keys.c */; };
		42B718531EA2C0F700BD51E1 /* mathlib.c in Sources */ = {isa = PBXBuildFile; fileRef = 4273FADB1DFF2EDA005DC9A7 /* mathlib.c */; };
		42B718541EA2C0F700BD51E1 /* menu.c in Sources */ = {isa = PBXBuildFile; fileRef = 4273FADD1DFF2EDA005DC9A7 /* menu.c */; };
		42B718551EA2C0F700BD51E1 /* net_bsd.c in Sources */ = {isa = PBXBuildFile; fileRef = 4273FAE11DFF2EDA005DC9A7 /* net_bsd.c */; };
		42B718561EA2C0F700BD51E1 /* net_dgrm.c in Sources */ = {isa = PBXBuildFile; fileRef = 4273FAE21DFF2EDA005DC9A7 /* net_dgrm.c */; };
		42B718571EA2C11D00BD51E1 /* net_loop.c in Sources */ = {isa = PBXBuildFile; fileRef = 4273FAE41DFF2EDA005DC9A7 /* net_loop.c */; };
		42B718581EA2C11D00BD51E1 /* net_main.c in Sources */ = {isa = PBXBuildFile; fileRef = 4273FAE61DFF2EDA005DC9A7 /* net_main.c */; };
		42B718591EA2C11D00BD51E1 /* net_udp.c in Sources */ = {isa = PBXBuildFile; fileRef = 4273FAE71DFF2EDA005DC9A7 /* net_udp.c */; };
		42B7185A1EA2C11D00BD51E1 /* pr_cmds.c in Sources */ = {isa = PBXBuildFile; fileRef = 4273FAEA1DFF2EDA005DC9A7 /* pr_cmds.c */; };
		42B7185B1EA2C11D00BD51E1 /* pr_edict.c in Sources */ = {isa = PBXBuildFile; fileRef = 4273FAEC1DFF2EDA005DC9A7 /* pr_edict.c */; };
		42B7185C1EA2C11D00BD51E1 /* pr_exec.c in Sources */ = {isa = PBXBuildFile; fileRef = 4273FAED1DFF2EDA005DC9A7 /* pr_exec.c */; };
		42B7185D1EA2C11D00BD51E1 /* sbar.c in Sources */ = {isa = PBXBuildFile; fileRef = 4273FAF31DFF2EDA005DC9A7 /* sbar.c */; };
		42B7185E1EA2C11D00BD51E1 /* snd_dma.c in Sources */ = {isa = PBXBuildFile; fileRef = 4273FAF71DFF2EDA005DC9A7 /* snd_dma.c */; };
		42B7185F1EA2C11D00BD51E1 /* snd_mac.m in Sources */ = {isa = PBXBuildFile; fileRef = 42F16D161E01DC28001659BD /* snd_mac.m */; };
		42B718601EA2C11D00BD51E1 /* snd_mem.c in Sources */ = {isa = PBXBuildFile; fileRef = 4273FAF91DFF2EDA005DC9A7 /* snd_mem.c */; };
		42B718611EA2C11D00BD51E1 /* snd_mix.c in Sources */ = {isa = PBXBuildFile; fileRef = 4273FAFA1DFF2EDA005DC9A7 /* snd_mix.c */; };
		42B718621EA2C11D00BD51E1 /* sv_main.c in Sources */ = {isa = PBXBuildFile; fileRef = 4273FAFD1DFF2EDA005DC9A7 /* sv_main.c */; };
		42B718631EA2C11D00BD51E1 /* sv_move.c in Sources */ = {isa = PBXBuildFile; fileRef = 4273FAFE1DFF2EDA005DC9A7 /* sv_move.c */; };
		42B718641EA2C11D00BD51E1 /* sv_phys.c in Sources */ = {isa = PBXBuildFile; fileRef = 4273FAFF1DFF2EDA005DC9A7 /* sv_phys.c */; };
		42B718651EA2C11D00BD51E1 /* sv_user.c in Sources */ = {isa = PBXBuildFile; fileRef = 4273FB001DFF2EDA005DC9A7 /* sv_user.c */; };
		42B718661EA2C11D00BD51E1 /* sys_mac.m in Sources */ = {isa = PBXBuildFile; fileRef = 42F16D171E01DC28001659BD /* sys_mac.m */; };
		42B718671EA2C11D00BD51E1 /* vid_cgl.m in Sources */ = {isa = PBXBuildFile; fileRef = 42F16D181E01DC28001659BD /* vid_cgl.m */; };
		42B718681EA2C11D00BD51E1 /* view.c in Sources */ = {isa = PBXBuildFile; fileRef = 4273FB051DFF2EDA005DC9A7 /* view.c */; };
		42B718691EA2C12E00BD51E1 /* wad.c in Sources */ = {isa = PBXBuildFile; fileRef = 4273FB071DFF2EDA005DC9A7 /* wad.c */; };
		42B7186A1EA2C12E00BD51E1 /* world.c in Sources */ = {isa = PBXBuildFile; fileRef = 4273FB091DFF2EDA005DC9A7 /* world.c */; };
		42B7186B1EA2C12E00BD51E1 /* zone.c in Sources */ = {isa = PBXBuildFile; fileRef = 4273FB0B1DFF2EDA005DC9A7 /* zone.c */; };
		42B7186D1EA2C13200BD51E1 /* fxQuake.xib in Resources */ = {isa = PBXBuildFile; fileRef = 42A7FC5E1EA2B730002A1C29 /* fxQuake.xib */; };
		42B718721EA2C15900BD51E1 /* Credits.rtf in Resources */ = {isa = PBXBuildFile; fileRef = 42A7FC5D1EA2B730002A1C29 /* Credits.rtf */; };
		42B718751EA2C18E00BD51E1 /* AppKit.framework in Frameworks */ = {isa = PBXBuildFile; fileRef = 427630261E7E714600F71B32 /* AppKit.framework */; };
		42B718761EA2C19600BD51E1 /* IOKit.framework in Frameworks */ = {isa = PBXBuildFile; fileRef = 428D9ED31DFF275C000ACF30 /* IOKit.framework */; };
		42B718771EA2C19900BD51E1 /* OpenGL.framework in Frameworks */ = {isa = PBXBuildFile; fileRef = 428D9EDA1DFF2782000ACF30 /* OpenGL.framework */; };
		42B718781EA2C19D00BD51E1 /* CoreAudio.framework in Frameworks */ = {isa = PBXBuildFile; fileRef = 428D9ED81DFF2778000ACF30 /* CoreAudio.framework */; };
/* End PBXBuildFile section */

/* Begin PBXFileReference section */
		4215AFEA1FC76F8800064F60 /* AudioToolbox.framework */ = {isa = PBXFileReference; lastKnownFileType = wrapper.framework; name = AudioToolbox.framework; path = System/Library/Frameworks/AudioToolbox.framework; sourceTree = SDKROOT; };
		4215AFED1FC7736D00064F60 /* AudioUnit.framework */ = {isa = PBXFileReference; lastKnownFileType = wrapper.framework; name = AudioUnit.framework; path = System/Library/Frameworks/AudioUnit.framework; sourceTree = SDKROOT; };
		4273FAB01DFF2EDA005DC9A7 /* anorm_dots.h */ = {isa = PBXFileReference; fileEncoding = 4; lastKnownFileType = sourcecode.c.h; path = anorm_dots.h; sourceTree = SOURCE_ROOT; };
		4273FAB11DFF2EDA005DC9A7 /* anorms.h */ = {isa = PBXFileReference; fileEncoding = 4; lastKnownFileType = sourcecode.c.h; path = anorms.h; sourceTree = SOURCE_ROOT; };
		4273FAB21DFF2EDA005DC9A7 /* bspfile.h */ = {isa = PBXFileReference; fileEncoding = 4; lastKnownFileType = sourcecode.c.h; path = bspfile.h; sourceTree = SOURCE_ROOT; };
		4273FAB41DFF2EDA005DC9A7 /* cdaudio.h */ = {isa = PBXFileReference; fileEncoding = 4; lastKnownFileType = sourcecode.c.h; path = cdaudio.h; sourceTree = SOURCE_ROOT; };
		4273FAB51DFF2EDA005DC9A7 /* chase.c */ = {isa = PBXFileReference; fileEncoding = 4; lastKnownFileType = sourcecode.c.c; path = chase.c; sourceTree = SOURCE_ROOT; };
		4273FAB61DFF2EDA005DC9A7 /* cl_demo.c */ = {isa = PBXFileReference; fileEncoding = 4; lastKnownFileType = sourcecode.c.c; path = cl_demo.c; sourceTree = SOURCE_ROOT; };
		4273FAB71DFF2EDA005DC9A7 /* cl_input.c */ = {isa = PBXFileReference; fileEncoding = 4; lastKnownFileType = sourcecode.c.c; path = cl_input.c; sourceTree = SOURCE_ROOT; };
		4273FAB81DFF2EDA005DC9A7 /* cl_main.c */ = {isa = PBXFileReference; fileEncoding = 4; lastKnownFileType = sourcecode.c.c; path = cl_main.c; sourceTree = SOURCE_ROOT; };
		4273FAB91DFF2EDA005DC9A7 /* cl_parse.c */ = {isa = PBXFileReference; fileEncoding = 4; lastKnownFileType = sourcecode.c.c; path = cl_parse.c; sourceTree = SOURCE_ROOT; };
		4273FABA1DFF2EDA005DC9A7 /* cl_tent.c */ = {isa = PBXFileReference; fileEncoding = 4; lastKnownFileType = sourcecode.c.c; path = cl_tent.c; sourceTree = SOURCE_ROOT; };
		4273FABB1DFF2EDA005DC9A7 /* client.h */ = {isa = PBXFileReference; fileEncoding = 4; lastKnownFileType = sourcecode.c.h; path = client.h; sourceTree = SOURCE_ROOT; };
		4273FABC1DFF2EDA005DC9A7 /* cmd.c */ = {isa = PBXFileReference; fileEncoding = 4; lastKnownFileType = sourcecode.c.c; path = cmd.c; sourceTree = SOURCE_ROOT; };
		4273FABD1DFF2EDA005DC9A7 /* cmd.h */ = {isa = PBXFileReference; fileEncoding = 4; lastKnownFileType = sourcecode.c.h; path = cmd.h; sourceTree = SOURCE_ROOT; };
		4273FABE1DFF2EDA005DC9A7 /* common.c */ = {isa = PBXFileReference; fileEncoding = 4; lastKnownFileType = sourcecode.c.c; path = common.c; sourceTree = SOURCE_ROOT; };
		4273FABF1DFF2EDA005DC9A7 /* common.h */ = {isa = PBXFileReference; fileEncoding = 4; lastKnownFileType = sourcecode.c.h; path = common.h; sourceTree = SOURCE_ROOT; };
		4273FAC01DFF2EDA005DC9A7 /* console.c */ = {isa = PBXFileReference; fileEncoding = 4; lastKnownFileType = sourcecode.c.c; path = console.c; sourceTree = SOURCE_ROOT; };
		4273FAC11DFF2EDA005DC9A7 /* console.h */ = {isa = PBXFileReference; fileEncoding = 4; lastKnownFileType = sourcecode.c.h; path = console.h; sourceTree = SOURCE_ROOT; };
		4273FAC21DFF2EDA005DC9A7 /* crc.c */ = {isa = PBXFileReference; fileEncoding = 4; lastKnownFileType = sourcecode.c.c; path = crc.c; sourceTree = SOURCE_ROOT; };
		4273FAC31DFF2EDA005DC9A7 /* crc.h */ = {isa = PBXFileReference; fileEncoding = 4; lastKnownFileType = sourcecode.c.h; path = crc.h; sourceTree = SOURCE_ROOT; };
		4273FAC41DFF2EDA005DC9A7 /* cvar.c */ = {isa = PBXFileReference; fileEncoding = 4; lastKnownFileType = sourcecode.c.c; path = cvar.c; sourceTree = SOURCE_ROOT; };
		4273FAC51DFF2EDA005DC9A7 /* cvar.h */ = {isa = PBXFileReference; fileEncoding = 4; lastKnownFileType = sourcecode.c.h; path = cvar.h; sourceTree = SOURCE_ROOT; };
		4273FAC61DFF2EDA005DC9A7 /* draw.h */ = {isa = PBXFileReference; fileEncoding = 4; lastKnownFileType = sourcecode.c.h; path = draw.h; sourceTree = SOURCE_ROOT; };
		4273FAC71DFF2EDA005DC9A7 /* gl_anim.c */ = {isa = PBXFileReference; fileEncoding = 4; lastKnownFileType = sourcecode.c.c; path = gl_anim.c; sourceTree = SOURCE_ROOT; };
		4273FAC81DFF2EDA005DC9A7 /* gl_draw.c */ = {isa = PBXFileReference; fileEncoding = 4; lastKnownFileType = sourcecode.c.c; path = gl_draw.c; sourceTree = SOURCE_ROOT; };
		4273FAC91DFF2EDA005DC9A7 /* gl_efrag.c */ = {isa = PBXFileReference; fileEncoding = 4; lastKnownFileType = sourcecode.c.c; path = gl_efrag.c; sourceTree = SOURCE_ROOT; };
		4273FACA1DFF2EDA005DC9A7 /* gl_light.c */ = {isa = PBXFileReference; fileEncoding = 4; lastKnownFileType = sourcecode.c.c; path = gl_light.c; sourceTree = SOURCE_ROOT; };
		4273FACB1DFF2EDA005DC9A7 /* gl_main.c */ = {isa = PBXFileReference; fileEncoding = 4; lastKnownFileType = sourcecode.c.c; path = gl_main.c; sourceTree = SOURCE_ROOT; };
		4273FACC1DFF2EDA005DC9A7 /* gl_mesh.c */ = {isa = PBXFileReference; fileEncoding = 4; lastKnownFileType = sourcecode.c.c; path = gl_mesh.c; sourceTree = SOURCE_ROOT; };
		4273FACD1DFF2EDA005DC9A7 /* gl_misc.c */ = {isa = PBXFileReference; fileEncoding = 4; lastKnownFileType = sourcecode.c.c; path = gl_misc.c; sourceTree = SOURCE_ROOT; };
		4273FACE1DFF2EDA005DC9A7 /* gl_model.c */ = {isa = PBXFileReference; fileEncoding = 4; lastKnownFileType = sourcecode.c.c; path = gl_model.c; sourceTree = SOURCE_ROOT; };
		4273FACF1DFF2EDA005DC9A7 /* gl_part.c */ = {isa = PBXFileReference; fileEncoding = 4; lastKnownFileType = sourcecode.c.c; path = gl_part.c; sourceTree = SOURCE_ROOT; };
		4273FAD01DFF2EDA005DC9A7 /* gl_screen.c */ = {isa = PBXFileReference; fileEncoding = 4; lastKnownFileType = sourcecode.c.c; path = gl_screen.c; sourceTree = SOURCE_ROOT; };
		4273FAD11DFF2EDA005DC9A7 /* gl_surf.c */ = {isa = PBXFileReference; fileEncoding = 4; lastKnownFileType = sourcecode.c.c; path = gl_surf.c; sourceTree = SOURCE_ROOT; };
		4273FAD21DFF2EDA005DC9A7 /* gl_warp_sin.h */ = {isa = PBXFileReference; fileEncoding = 4; lastKnownFileType = sourcecode.c.h; path = gl_warp_sin.h; sourceTree = SOURCE_ROOT; };
		4273FAD31DFF2EDA005DC9A7 /* glquake.h */ = {isa = PBXFileReference; fileEncoding = 4; lastKnownFileType = sourcecode.c.h; path = glquake.h; sourceTree = SOURCE_ROOT; };
		4273FAD41DFF2EDA005DC9A7 /* host_cmd.c */ = {isa = PBXFileReference; fileEncoding = 4; lastKnownFileType = sourcecode.c.c; path = host_cmd.c; sourceTree = SOURCE_ROOT; };
		4273FAD51DFF2EDA005DC9A7 /* host.c */ = {isa = PBXFileReference; fileEncoding = 4; lastKnownFileType = sourcecode.c.c; path = host.c; sourceTree = SOURCE_ROOT; };
		4273FAD71DFF2EDA005DC9A7 /* input.h */ = {isa = PBXFileReference; fileEncoding = 4; lastKnownFileType = sourcecode.c.h; path = input.h; sourceTree = SOURCE_ROOT; };
		4273FAD81DFF2EDA005DC9A7 /* keys.c */ = {isa = PBXFileReference; fileEncoding = 4; lastKnownFileType = sourcecode.c.c; path = keys.c; sourceTree = SOURCE_ROOT; };
		4273FAD91DFF2EDA005DC9A7 /* keys.h */ = {isa = PBXFileReference; fileEncoding = 4; lastKnownFileType = sourcecode.c.h; path = keys.h; sourceTree = SOURCE_ROOT; };
		4273FADA1DFF2EDA005DC9A7 /* macquake.h */ = {isa = PBXFileReference; fileEncoding = 4; lastKnownFileType = sourcecode.c.h; path = macquake.h; sourceTree = SOURCE_ROOT; };
		4273FADB1DFF2EDA005DC9A7 /* mathlib.c */ = {isa = PBXFileReference; fileEncoding = 4; lastKnownFileType = sourcecode.c.c; path = mathlib.c; sourceTree = SOURCE_ROOT; };
		4273FADC1DFF2EDA005DC9A7 /* mathlib.h */ = {isa = PBXFileReference; fileEncoding = 4; lastKnownFileType = sourcecode.c.h; path = mathlib.h; sourceTree = SOURCE_ROOT; };
		4273FADD1DFF2EDA005DC9A7 /* menu.c */ = {isa = PBXFileReference; fileEncoding = 4; lastKnownFileType = sourcecode.c.c; path = menu.c; sourceTree = SOURCE_ROOT; };
		4273FADE1DFF2EDA005DC9A7 /* menu.h */ = {isa = PBXFileReference; fileEncoding = 4; lastKnownFileType = sourcecode.c.h; path = menu.h; sourceTree = SOURCE_ROOT; };
		4273FADF1DFF2EDA005DC9A7 /* model.h */ = {isa = PBXFileReference; fileEncoding = 4; lastKnownFileType = sourcecode.c.h; path = model.h; sourceTree = SOURCE_ROOT; };
		4273FAE01DFF2EDA005DC9A7 /* modelgen.h */ = {isa = PBXFileReference; fileEncoding = 4; lastKnownFileType = sourcecode.c.h; path = modelgen.h; sourceTree = SOURCE_ROOT; };
		4273FAE11DFF2EDA005DC9A7 /* net_bsd.c */ = {isa = PBXFileReference; fileEncoding = 4; lastKnownFileType = sourcecode.c.c; path = net_bsd.c; sourceTree = SOURCE_ROOT; };
		4273FAE21DFF2EDA005DC9A7 /* net_dgrm.c */ = {isa = PBXFileReference; fileEncoding = 4; lastKnownFileType = sourcecode.c.c; path = net_dgrm.c; sourceTree = SOURCE_ROOT; };
		4273FAE31DFF2EDA005DC9A7 /* net_dgrm.h */ = {isa = PBXFileReference; fileEncoding = 4; lastKnownFileType = sourcecode.c.h; path = net_dgrm.h; sourceTree = SOURCE_ROOT; };
		4273FAE41DFF2EDA005DC9A7 /* net_loop.c */ = {isa = PBXFileReference; fileEncoding = 4; lastKnownFileType = sourcecode.c.c; path = net_loop.c; sourceTree = SOURCE_ROOT; };
		4273FAE51DFF2EDA005DC9A7 /* net_loop.h */ = {isa = PBXFileReference; fileEncoding = 4; lastKnownFileType = sourcecode.c.h; path = net_loop.h; sourceTree = SOURCE_ROOT; };
		4273FAE61DFF2EDA005DC9A7 /* net_main.c */ = {isa = PBXFileReference; fileEncoding = 4; lastKnownFileType = sourcecode.c.c; path = net_main.c; sourceTree = SOURCE_ROOT; };
		4273FAE71DFF2EDA005DC9A7 /* net_udp.c */ = {isa = PBXFileReference; fileEncoding = 4; lastKnownFileType = sourcecode.c.c; path = net_udp.c; sourceTree = SOURCE_ROOT; };
		4273FAE81DFF2EDA005DC9A7 /* net_udp.h */ = {isa = PBXFileReference; fileEncoding = 4; lastKnownFileType = sourcecode.c.h; path = net_udp.h; sourceTree = SOURCE_ROOT; };
		4273FAE91DFF2EDA005DC9A7 /* net.h */ = {isa = PBXFileReference; fileEncoding = 4; lastKnownFileType = sourcecode.c.h; path = net.h; sourceTree = SOURCE_ROOT; };
		4273FAEA1DFF2EDA005DC9A7 /* pr_cmds.c */ = {isa = PBXFileReference; fileEncoding = 4; lastKnownFileType = sourcecode.c.c; path = pr_cmds.c; sourceTree = SOURCE_ROOT; };
		4273FAEB1DFF2EDA005DC9A7 /* pr_comp.h */ = {isa = PBXFileReference; fileEncoding = 4; lastKnownFileType = sourcecode.c.h; path = pr_comp.h; sourceTree = SOURCE_ROOT; };
		4273FAEC1DFF2EDA005DC9A7 /* pr_edict.c */ = {isa = PBXFileReference; fileEncoding = 4; lastKnownFileType = sourcecode.c.c; path = pr_edict.c; sourceTree = SOURCE_ROOT; };
		4273FAED1DFF2EDA005DC9A7 /* pr_exec.c */ = {isa = PBXFileReference; fileEncoding = 4; lastKnownFileType = sourcecode.c.c; path = pr_exec.c; sourceTree = SOURCE_ROOT; };
		4273FAEE1DFF2EDA005DC9A7 /* progdefs.h */ = {isa = PBXFileReference; fileEncoding = 4; lastKnownFileType = sourcecode.c.h; path = progdefs.h; sourceTree = SOURCE_ROOT; };
		4273FAEF1DFF2EDA005DC9A7 /* progs.h */ = {isa = PBXFileReference; fileEncoding = 4; lastKnownFileType = sourcecode.c.h; path = progs.h; sourceTree = SOURCE_ROOT; };
		4273FAF01DFF2EDA005DC9A7 /* protocol.h */ = {isa = PBXFileReference; fileEncoding = 4; lastKnownFileType = sourcecode.c.h; path = protocol.h; sourceTree = SOURCE_ROOT; };
		4273FAF11DFF2EDA005DC9A7 /* quakedef.h */ = {isa = PBXFileReference; fileEncoding = 4; lastKnownFileType = sourcecode.c.h; path = quakedef.h; sourceTree = SOURCE_ROOT; };
		4273FAF21DFF2EDA005DC9A7 /* render.h */ = {isa = PBXFileReference; fileEncoding = 4; lastKnownFileType = sourcecode.c.h; path = render.h; sourceTree = SOURCE_ROOT; };
		4273FAF31DFF2EDA005DC9A7 /* sbar.c */ = {isa = PBXFileReference; fileEncoding = 4; lastKnownFileType = sourcecode.c.c; path = sbar.c; sourceTree = SOURCE_ROOT; };
		4273FAF41DFF2EDA005DC9A7 /* sbar.h */ = {isa = PBXFileReference; fileEncoding = 4; lastKnownFileType = sourcecode.c.h; path = sbar.h; sourceTree = SOURCE_ROOT; };
		4273FAF51DFF2EDA005DC9A7 /* screen.h */ = {isa = PBXFileReference; fileEncoding = 4; lastKnownFileType = sourcecode.c.h; path = screen.h; sourceTree = SOURCE_ROOT; };
		4273FAF61DFF2EDA005DC9A7 /* server.h */ = {isa = PBXFileReference; fileEncoding = 4; lastKnownFileType = sourcecode.c.h; path = server.h; sourceTree = SOURCE_ROOT; };
		4273FAF71DFF2EDA005DC9A7 /* snd_dma.c */ = {isa = PBXFileReference; fileEncoding = 4; lastKnownFileType = sourcecode.c.c; path = snd_dma.c; sourceTree = SOURCE_ROOT; };
		4273FAF91DFF2EDA005DC9A7 /* snd_mem.c */ = {isa = PBXFileReference; fileEncoding = 4; lastKnownFileType = sourcecode.c.c; path = snd_mem.c; sourceTree = SOURCE_ROOT; };
		4273FAFA1DFF2EDA005DC9A7 /* snd_mix.c */ = {isa = PBXFileReference; fileEncoding = 4; lastKnownFileType = sourcecode.c.c; path = snd_mix.c; sourceTree = SOURCE_ROOT; };
		4273FAFB1DFF2EDA005DC9A7 /* sound.h */ = {isa = PBXFileReference; fileEncoding = 4; lastKnownFileType = sourcecode.c.h; path = sound.h; sourceTree = SOURCE_ROOT; };
		4273FAFC1DFF2EDA005DC9A7 /* spritegn.h */ = {isa = PBXFileReference; fileEncoding = 4; lastKnownFileType = sourcecode.c.h; path = spritegn.h; sourceTree = SOURCE_ROOT; };
		4273FAFD1DFF2EDA005DC9A7 /* sv_main.c */ = {isa = PBXFileReference; fileEncoding = 4; lastKnownFileType = sourcecode.c.c; path = sv_main.c; sourceTree = SOURCE_ROOT; };
		4273FAFE1DFF2EDA005DC9A7 /* sv_move.c */ = {isa = PBXFileReference; fileEncoding = 4; lastKnownFileType = sourcecode.c.c; path = sv_move.c; sourceTree = SOURCE_ROOT; };
		4273FAFF1DFF2EDA005DC9A7 /* sv_phys.c */ = {isa = PBXFileReference; fileEncoding = 4; lastKnownFileType = sourcecode.c.c; path = sv_phys.c; sourceTree = SOURCE_ROOT; };
		4273FB001DFF2EDA005DC9A7 /* sv_user.c */ = {isa = PBXFileReference; fileEncoding = 4; lastKnownFileType = sourcecode.c.c; path = sv_user.c; sourceTree = SOURCE_ROOT; };
		4273FB021DFF2EDA005DC9A7 /* sys.h */ = {isa = PBXFileReference; fileEncoding = 4; lastKnownFileType = sourcecode.c.h; path = sys.h; sourceTree = SOURCE_ROOT; };
		4273FB041DFF2EDA005DC9A7 /* vid.h */ = {isa = PBXFileReference; fileEncoding = 4; lastKnownFileType = sourcecode.c.h; path = vid.h; sourceTree = SOURCE_ROOT; };
		4273FB051DFF2EDA005DC9A7 /* view.c */ = {isa = PBXFileReference; fileEncoding = 4; lastKnownFileType = sourcecode.c.c; path = view.c; sourceTree = SOURCE_ROOT; };
		4273FB061DFF2EDA005DC9A7 /* view.h */ = {isa = PBXFileReference; fileEncoding = 4; lastKnownFileType = sourcecode.c.h; path = view.h; sourceTree = SOURCE_ROOT; };
		4273FB071DFF2EDA005DC9A7 /* wad.c */ = {isa = PBXFileReference; fileEncoding = 4; lastKnownFileType = sourcecode.c.c; path = wad.c; sourceTree = SOURCE_ROOT; };
		4273FB081DFF2EDA005DC9A7 /* wad.h */ = {isa = PBXFileReference; fileEncoding = 4; lastKnownFileType = sourcecode.c.h; path = wad.h; sourceTree = SOURCE_ROOT; };
		4273FB091DFF2EDA005DC9A7 /* world.c */ = {isa = PBXFileReference; fileEncoding = 4; lastKnownFileType = sourcecode.c.c; path = world.c; sourceTree = SOURCE_ROOT; };
		4273FB0A1DFF2EDA005DC9A7 /* world.h */ = {isa = PBXFileReference; fileEncoding = 4; lastKnownFileType = sourcecode.c.h; path = world.h; sourceTree = SOURCE_ROOT; };
		4273FB0B1DFF2EDA005DC9A7 /* zone.c */ = {isa = PBXFileReference; fileEncoding = 4; lastKnownFileType = sourcecode.c.c; path = zone.c; sourceTree = SOURCE_ROOT; };
		4273FB0C1DFF2EDA005DC9A7 /* zone.h */ = {isa = PBXFileReference; fileEncoding = 4; lastKnownFileType = sourcecode.c.h; path = zone.h; sourceTree = SOURCE_ROOT; };
		4273FB421DFF2F2B005DC9A7 /* quake.icns */ = {isa = PBXFileReference; lastKnownFileType = image.icns; path = quake.icns; sourceTree = SOURCE_ROOT; };
		427630261E7E714600F71B32 /* AppKit.framework */ = {isa = PBXFileReference; lastKnownFileType = wrapper.framework; name = AppKit.framework; path = System/Library/Frameworks/AppKit.framework; sourceTree = SDKROOT; };
		428D9ED31DFF275C000ACF30 /* IOKit.framework */ = {isa = PBXFileReference; lastKnownFileType = wrapper.framework; name = IOKit.framework; path = System/Library/Frameworks/IOKit.framework; sourceTree = SDKROOT; };
		428D9ED51DFF2769000ACF30 /* Cocoa.framework */ = {isa = PBXFileReference; lastKnownFileType = wrapper.framework; name = Cocoa.framework; path = System/Library/Frameworks/Cocoa.framework; sourceTree = SDKROOT; };
		428D9ED81DFF2778000ACF30 /* CoreAudio.framework */ = {isa = PBXFileReference; lastKnownFileType = wrapper.framework; name = CoreAudio.framework; path = System/Library/Frameworks/CoreAudio.framework; sourceTree = SDKROOT; };
		428D9EDA1DFF2782000ACF30 /* OpenGL.framework */ = {isa = PBXFileReference; lastKnownFileType = wrapper.framework; name = OpenGL.framework; path = System/Library/Frameworks/OpenGL.framework; sourceTree = SDKROOT; };
		42A7FC5B1EA2B730002A1C29 /* Info.plist */ = {isa = PBXFileReference; fileEncoding = 4; lastKnownFileType = text.plist.xml; path = Info.plist; sourceTree = SOURCE_ROOT; };
		42A7FC5D1EA2B730002A1C29 /* Credits.rtf */ = {isa = PBXFileReference; fileEncoding = 4; lastKnownFileType = text.rtf; path = Credits.rtf; sourceTree = SOURCE_ROOT; };
		42A7FC5E1EA2B730002A1C29 /* fxQuake.xib */ = {isa = PBXFileReference; fileEncoding = 4; lastKnownFileType = file.xib; path = fxQuake.xib; sourceTree = SOURCE_ROOT; };
		42A7FC5F1EA2B730002A1C29 /* Prefix.pch */ = {isa = PBXFileReference; fileEncoding = 4; lastKnownFileType = sourcecode.c.h; path = Prefix.pch; sourceTree = SOURCE_ROOT; };
		42A7FC6A1EA2BA88002A1C29 /* fxQuake.app */ = {isa = PBXFileReference; explicitFileType = wrapper.application; includeInIndex = 0; path = fxQuake.app; sourceTree = BUILT_PRODUCTS_DIR; };
		42ED563B1DFF23F800012B3F /* progdefs.q1 */ = {isa = PBXFileReference; fileEncoding = 4; lastKnownFileType = text; path = progdefs.q1; sourceTree = SOURCE_ROOT; };
		42F16D141E01DC28001659BD /* cd_mac.m */ = {isa = PBXFileReference; fileEncoding = 4; lastKnownFileType = sourcecode.c.objc; path = cd_mac.m; sourceTree = SOURCE_ROOT; };
		42F16D151E01DC28001659BD /* in_mac.m */ = {isa = PBXFileReference; fileEncoding = 4; lastKnownFileType = sourcecode.c.objc; path = in_mac.m; sourceTree = SOURCE_ROOT; };
		42F16D161E01DC28001659BD /* snd_mac.m */ = {isa = PBXFileReference; fileEncoding = 4; lastKnownFileType = sourcecode.c.objc; path = snd_mac.m; sourceTree = SOURCE_ROOT; };
		42F16D171E01DC28001659BD /* sys_mac.m */ = {isa = PBXFileReference; fileEncoding = 4; lastKnownFileType = sourcecode.c.objc; path = sys_mac.m; sourceTree = SOURCE_ROOT; };
		42F16D181E01DC28001659BD /* vid_cgl.m */ = {isa = PBXFileReference; fileEncoding = 4; lastKnownFileType = sourcecode.c.objc; path = vid_cgl.m; sourceTree = SOURCE_ROOT; };
		42F16D1F1E01E299001659BD /* unixquake.h */ = {isa = PBXFileReference; fileEncoding = 4; lastKnownFileType = sourcecode.c.h; path = unixquake.h; sourceTree = SOURCE_ROOT; };
		42F47EA81EB72ECA00713636 /* qinterfaces.h */ = {isa = PBXFileReference; fileEncoding = 4; lastKnownFileType = sourcecode.c.h; path = qinterfaces.h; sourceTree = SOURCE_ROOT; };
/* End PBXFileReference section */

/* Begin PBXFrameworksBuildPhase section */
		42A7FC671EA2BA88002A1C29 /* Frameworks */ = {
			isa = PBXFrameworksBuildPhase;
			buildActionMask = 2147483647;
			files = (
				42A7FC6C1EA2BA88002A1C29 /* Cocoa.framework in Frameworks */,
				42B718751EA2C18E00BD51E1 /* AppKit.framework in Frameworks */,
				42B718761EA2C19600BD51E1 /* IOKit.framework in Frameworks */,
				42B718771EA2C19900BD51E1 /* OpenGL.framework in Frameworks */,
				42B718781EA2C19D00BD51E1 /* CoreAudio.framework in Frameworks */,
				4215AFEB1FC76F8800064F60 /* AudioToolbox.framework in Frameworks */,
				428B32831FD48E7D00E5197A /* AudioUnit.framework in Frameworks */,
			);
			runOnlyForDeploymentPostprocessing = 0;
		};
/* End PBXFrameworksBuildPhase section */

/* Begin PBXGroup section */
		427469A71DFF1F0700B436A0 = {
			isa = PBXGroup;
			children = (
				427469B51DFF1F0700B436A0 /* fxQuake */,
				428D9ED11DFF26A6000ACF30 /* Frameworks */,
				427469B31DFF1F0700B436A0 /* Products */,
			);
			sourceTree = "<group>";
			usesTabs = 1;
		};
		427469B31DFF1F0700B436A0 /* Products */ = {
			isa = PBXGroup;
			children = (
				42A7FC6A1EA2BA88002A1C29 /* fxQuake.app */,
			);
			name = Products;
			sourceTree = "<group>";
		};
		427469B51DFF1F0700B436A0 /* fxQuake */ = {
			isa = PBXGroup;
			children = (
				42A8359D1DFF2DA800DAF7F7 /* QuakeSrc */,
				42ED55A71DFF223900012B3F /* Resources */,
				42ED563B1DFF23F800012B3F /* progdefs.q1 */,
			);
			name = fxQuake;
			sourceTree = "<group>";
		};
		428D9ED11DFF26A6000ACF30 /* Frameworks */ = {
			isa = PBXGroup;
			children = (
				427630261E7E714600F71B32 /* AppKit.framework */,
				428D9ED51DFF2769000ACF30 /* Cocoa.framework */,
				428D9ED31DFF275C000ACF30 /* IOKit.framework */,
				428D9EDA1DFF2782000ACF30 /* OpenGL.framework */,
				428D9ED81DFF2778000ACF30 /* CoreAudio.framework */,
				4215AFEA1FC76F8800064F60 /* AudioToolbox.framework */,
				4215AFED1FC7736D00064F60 /* AudioUnit.framework */,
			);
			name = Frameworks;
			sourceTree = "<group>";
		};
		42A8359D1DFF2DA800DAF7F7 /* QuakeSrc */ = {
			isa = PBXGroup;
			children = (
				4273FAB01DFF2EDA005DC9A7 /* anorm_dots.h */,
				4273FAB11DFF2EDA005DC9A7 /* anorms.h */,
				4273FAB21DFF2EDA005DC9A7 /* bspfile.h */,
				42F16D141E01DC28001659BD /* cd_mac.m */,
				4273FAB41DFF2EDA005DC9A7 /* cdaudio.h */,
				4273FAB51DFF2EDA005DC9A7 /* chase.c */,
				4273FAB61DFF2EDA005DC9A7 /* cl_demo.c */,
				4273FAB71DFF2EDA005DC9A7 /* cl_input.c */,
				4273FAB81DFF2EDA005DC9A7 /* cl_main.c */,
				4273FAB91DFF2EDA005DC9A7 /* cl_parse.c */,
				4273FABA1DFF2EDA005DC9A7 /* cl_tent.c */,
				4273FABB1DFF2EDA005DC9A7 /* client.h */,
				4273FABC1DFF2EDA005DC9A7 /* cmd.c */,
				4273FABD1DFF2EDA005DC9A7 /* cmd.h */,
				4273FABE1DFF2EDA005DC9A7 /* common.c */,
				4273FABF1DFF2EDA005DC9A7 /* common.h */,
				4273FAC01DFF2EDA005DC9A7 /* console.c */,
				4273FAC11DFF2EDA005DC9A7 /* console.h */,
				4273FAC21DFF2EDA005DC9A7 /* crc.c */,
				4273FAC31DFF2EDA005DC9A7 /* crc.h */,
				4273FAC41DFF2EDA005DC9A7 /* cvar.c */,
				4273FAC51DFF2EDA005DC9A7 /* cvar.h */,
				4273FAC61DFF2EDA005DC9A7 /* draw.h */,
				4273FAC71DFF2EDA005DC9A7 /* gl_anim.c */,
				4273FAC81DFF2EDA005DC9A7 /* gl_draw.c */,
				4273FAC91DFF2EDA005DC9A7 /* gl_efrag.c */,
				4273FACA1DFF2EDA005DC9A7 /* gl_light.c */,
				4273FACB1DFF2EDA005DC9A7 /* gl_main.c */,
				4273FACC1DFF2EDA005DC9A7 /* gl_mesh.c */,
				4273FACD1DFF2EDA005DC9A7 /* gl_misc.c */,
				4273FACE1DFF2EDA005DC9A7 /* gl_model.c */,
				4273FACF1DFF2EDA005DC9A7 /* gl_part.c */,
				4273FAD01DFF2EDA005DC9A7 /* gl_screen.c */,
				4273FAD11DFF2EDA005DC9A7 /* gl_surf.c */,
				4273FAD21DFF2EDA005DC9A7 /* gl_warp_sin.h */,
				4273FAD31DFF2EDA005DC9A7 /* glquake.h */,
				4273FAD41DFF2EDA005DC9A7 /* host_cmd.c */,
				4273FAD51DFF2EDA005DC9A7 /* host.c */,
				42F16D151E01DC28001659BD /* in_mac.m */,
				4273FAD71DFF2EDA005DC9A7 /* input.h */,
				4273FAD81DFF2EDA005DC9A7 /* keys.c */,
				4273FAD91DFF2EDA005DC9A7 /* keys.h */,
				4273FADA1DFF2EDA005DC9A7 /* macquake.h */,
				4273FADB1DFF2EDA005DC9A7 /* mathlib.c */,
				4273FADC1DFF2EDA005DC9A7 /* mathlib.h */,
				4273FADD1DFF2EDA005DC9A7 /* menu.c */,
				4273FADE1DFF2EDA005DC9A7 /* menu.h */,
				4273FADF1DFF2EDA005DC9A7 /* model.h */,
				4273FAE01DFF2EDA005DC9A7 /* modelgen.h */,
				4273FAE11DFF2EDA005DC9A7 /* net_bsd.c */,
				4273FAE21DFF2EDA005DC9A7 /* net_dgrm.c */,
				4273FAE31DFF2EDA005DC9A7 /* net_dgrm.h */,
				4273FAE41DFF2EDA005DC9A7 /* net_loop.c */,
				4273FAE51DFF2EDA005DC9A7 /* net_loop.h */,
				4273FAE61DFF2EDA005DC9A7 /* net_main.c */,
				4273FAE71DFF2EDA005DC9A7 /* net_udp.c */,
				4273FAE81DFF2EDA005DC9A7 /* net_udp.h */,
				4273FAE91DFF2EDA005DC9A7 /* net.h */,
				4273FAEA1DFF2EDA005DC9A7 /* pr_cmds.c */,
				4273FAEB1DFF2EDA005DC9A7 /* pr_comp.h */,
				4273FAEC1DFF2EDA005DC9A7 /* pr_edict.c */,
				4273FAED1DFF2EDA005DC9A7 /* pr_exec.c */,
				4273FAEE1DFF2EDA005DC9A7 /* progdefs.h */,
				4273FAEF1DFF2EDA005DC9A7 /* progs.h */,
				4273FAF01DFF2EDA005DC9A7 /* protocol.h */,
				4273FAF11DFF2EDA005DC9A7 /* quakedef.h */,
				4273FAF21DFF2EDA005DC9A7 /* render.h */,
				4273FAF31DFF2EDA005DC9A7 /* sbar.c */,
				4273FAF41DFF2EDA005DC9A7 /* sbar.h */,
				4273FAF51DFF2EDA005DC9A7 /* screen.h */,
				4273FAF61DFF2EDA005DC9A7 /* server.h */,
				4273FAF71DFF2EDA005DC9A7 /* snd_dma.c */,
				42F16D161E01DC28001659BD /* snd_mac.m */,
				4273FAF91DFF2EDA005DC9A7 /* snd_mem.c */,
				4273FAFA1DFF2EDA005DC9A7 /* snd_mix.c */,
				4273FAFB1DFF2EDA005DC9A7 /* sound.h */,
				4273FAFC1DFF2EDA005DC9A7 /* spritegn.h */,
				4273FAFD1DFF2EDA005DC9A7 /* sv_main.c */,
				4273FAFE1DFF2EDA005DC9A7 /* sv_move.c */,
				4273FAFF1DFF2EDA005DC9A7 /* sv_phys.c */,
				4273FB001DFF2EDA005DC9A7 /* sv_user.c */,
				42F16D171E01DC28001659BD /* sys_mac.m */,
				42F47EA81EB72ECA00713636 /* qinterfaces.h */,
				4273FB021DFF2EDA005DC9A7 /* sys.h */,
				42F16D1F1E01E299001659BD /* unixquake.h */,
				42F16D181E01DC28001659BD /* vid_cgl.m */,
				4273FB041DFF2EDA005DC9A7 /* vid.h */,
				4273FB051DFF2EDA005DC9A7 /* view.c */,
				4273FB061DFF2EDA005DC9A7 /* view.h */,
				4273FB071DFF2EDA005DC9A7 /* wad.c */,
				4273FB081DFF2EDA005DC9A7 /* wad.h */,
				4273FB091DFF2EDA005DC9A7 /* world.c */,
				4273FB0A1DFF2EDA005DC9A7 /* world.h */,
				4273FB0B1DFF2EDA005DC9A7 /* zone.c */,
				4273FB0C1DFF2EDA005DC9A7 /* zone.h */,
			);
			name = QuakeSrc;
			sourceTree = "<group>";
		};
		42ED55A71DFF223900012B3F /* Resources */ = {
			isa = PBXGroup;
			children = (
				42A7FC5D1EA2B730002A1C29 /* Credits.rtf */,
				42A7FC5B1EA2B730002A1C29 /* Info.plist */,
				42A7FC5F1EA2B730002A1C29 /* Prefix.pch */,
				42A7FC5E1EA2B730002A1C29 /* fxQuake.xib */,
				4273FB421DFF2F2B005DC9A7 /* quake.icns */,
			);
			name = Resources;
			sourceTree = "<group>";
		};
/* End PBXGroup section */

/* Begin PBXNativeTarget section */
		42A7FC691EA2BA88002A1C29 /* fxQuake */ = {
			isa = PBXNativeTarget;
			buildConfigurationList = 42A7FC831EA2BA89002A1C29 /* Build configuration list for PBXNativeTarget "fxQuake" */;
			buildPhases = (
				42A7FC661EA2BA88002A1C29 /* Sources */,
				42A7FC671EA2BA88002A1C29 /* Frameworks */,
				42A7FC681EA2BA88002A1C29 /* Resources */,
			);
			buildRules = (
			);
			dependencies = (
			);
			name = fxQuake;
			productName = fxQuake;
			productReference = 42A7FC6A1EA2BA88002A1C29 /* fxQuake.app */;
			productType = "com.apple.product-type.application";
		};
/* End PBXNativeTarget section */

/* Begin PBXProject section */
		427469A91DFF1F0700B436A0 /* Project object */ = {
			isa = PBXProject;
			attributes = {
				LastUpgradeCheck = 0420;
				ORGANIZATIONNAME = fixme;
			};
			buildConfigurationList = 427469AC1DFF1F0700B436A0 /* Build configuration list for PBXProject "fxQuakeNEW" */;
			compatibilityVersion = "Xcode 3.2";
			developmentRegion = English;
			hasScannedForEncodings = 0;
			knownRegions = (
				English,
				en,
			);
			mainGroup = 427469A71DFF1F0700B436A0;
			productRefGroup = 427469A71DFF1F0700B436A0;
			projectDirPath = "";
			projectRoot = "";
			targets = (
				42A7FC691EA2BA88002A1C29 /* fxQuake */,
			);
		};
/* End PBXProject section */

/* Begin PBXResourcesBuildPhase section */
		42A7FC681EA2BA88002A1C29 /* Resources */ = {
			isa = PBXResourcesBuildPhase;
			buildActionMask = 2147483647;
			files = (
				42B7186D1EA2C13200BD51E1 /* fxQuake.xib in Resources */,
				42B718721EA2C15900BD51E1 /* Credits.rtf in Resources */,
			);
			runOnlyForDeploymentPostprocessing = 0;
		};
/* End PBXResourcesBuildPhase section */

/* Begin PBXSourcesBuildPhase section */
		42A7FC661EA2BA88002A1C29 /* Sources */ = {
			isa = PBXSourcesBuildPhase;
			buildActionMask = 2147483647;
			files = (
				42B718371EA2C0E400BD51E1 /* cd_mac.m in Sources */,
				42B718381EA2C0E400BD51E1 /* chase.c in Sources */,
				42B718391EA2C0E400BD51E1 /* cl_demo.c in Sources */,
				42B7183A1EA2C0E400BD51E1 /* cl_input.c in Sources */,
				42B7183B1EA2C0E400BD51E1 /* cl_main.c in Sources */,
				42B7183C1EA2C0E400BD51E1 /* cl_parse.c in Sources */,
				42B7183D1EA2C0E400BD51E1 /* cl_tent.c in Sources */,
				42B7183E1EA2C0E400BD51E1 /* cmd.c in Sources */,
				42B7183F1EA2C0E400BD51E1 /* common.c in Sources */,
				42B718401EA2C0E400BD51E1 /* console.c in Sources */,
				42B718411EA2C0E400BD51E1 /* crc.c in Sources */,
				42B718421EA2C0E400BD51E1 /* cvar.c in Sources */,
				42B718431EA2C0E400BD51E1 /* gl_anim.c in Sources */,
				42B718441EA2C0E400BD51E1 /* gl_draw.c in Sources */,
				42B718451EA2C0E400BD51E1 /* gl_efrag.c in Sources */,
				42B718461EA2C0E400BD51E1 /* gl_light.c in Sources */,
				42B718471EA2C0E400BD51E1 /* gl_main.c in Sources */,
				42B718491EA2C0F700BD51E1 /* gl_mesh.c in Sources */,
				42B7184A1EA2C0F700BD51E1 /* gl_misc.c in Sources */,
				42B7184B1EA2C0F700BD51E1 /* gl_model.c in Sources */,
				42B7184C1EA2C0F700BD51E1 /* gl_part.c in Sources */,
				42B7184D1EA2C0F700BD51E1 /* gl_screen.c in Sources */,
				42B7184E1EA2C0F700BD51E1 /* gl_surf.c in Sources */,
				42B7184F1EA2C0F700BD51E1 /* host_cmd.c in Sources */,
				42B718501EA2C0F700BD51E1 /* host.c in Sources */,
				42B718511EA2C0F700BD51E1 /* in_mac.m in Sources */,
				42B718521EA2C0F700BD51E1 /* keys.c in Sources */,
				42B718531EA2C0F700BD51E1 /* mathlib.c in Sources */,
				42B718541EA2C0F700BD51E1 /* menu.c in Sources */,
				42B718551EA2C0F700BD51E1 /* net_bsd.c in Sources */,
				42B718561EA2C0F700BD51E1 /* net_dgrm.c in Sources */,
				42B718571EA2C11D00BD51E1 /* net_loop.c in Sources */,
				42B718581EA2C11D00BD51E1 /* net_main.c in Sources */,
				42B718591EA2C11D00BD51E1 /* net_udp.c in Sources */,
				42B7185A1EA2C11D00BD51E1 /* pr_cmds.c in Sources */,
				42B7185B1EA2C11D00BD51E1 /* pr_edict.c in Sources */,
				42B7185C1EA2C11D00BD51E1 /* pr_exec.c in Sources */,
				42B7185D1EA2C11D00BD51E1 /* sbar.c in Sources */,
				42B7185E1EA2C11D00BD51E1 /* snd_dma.c in Sources */,
				42B7185F1EA2C11D00BD51E1 /* snd_mac.m in Sources */,
				42B718601EA2C11D00BD51E1 /* snd_mem.c in Sources */,
				42B718611EA2C11D00BD51E1 /* snd_mix.c in Sources */,
				42B718621EA2C11D00BD51E1 /* sv_main.c in Sources */,
				42B718631EA2C11D00BD51E1 /* sv_move.c in Sources */,
				42B718641EA2C11D00BD51E1 /* sv_phys.c in Sources */,
				42B718651EA2C11D00BD51E1 /* sv_user.c in Sources */,
				42B718661EA2C11D00BD51E1 /* sys_mac.m in Sources */,
				42B718671EA2C11D00BD51E1 /* vid_cgl.m in Sources */,
				42B718681EA2C11D00BD51E1 /* view.c in Sources */,
				42B718691EA2C12E00BD51E1 /* wad.c in Sources */,
				42B7186A1EA2C12E00BD51E1 /* world.c in Sources */,
				42B7186B1EA2C12E00BD51E1 /* zone.c in Sources */,
			);
			runOnlyForDeploymentPostprocessing = 0;
		};
/* End PBXSourcesBuildPhase section */

/* Begin XCBuildConfiguration section */
		427469BA1DFF1F0700B436A0 /* Debug */ = {
			isa = XCBuildConfiguration;
			buildSettings = {
				ARCHS = "$(ARCHS_STANDARD)";
				COPY_PHASE_STRIP = NO;
				GCC_C_LANGUAGE_STANDARD = gnu89;
				GCC_DYNAMIC_NO_PIC = NO;
				GCC_ENABLE_OBJC_EXCEPTIONS = YES;
				GCC_OPTIMIZATION_LEVEL = 0;
				GCC_PREPROCESSOR_DEFINITIONS = (
					"DEBUG=1",
					"$(inherited)",
				);
				GCC_SYMBOLS_PRIVATE_EXTERN = NO;
				GCC_VERSION = "";
				GCC_WARN_64_TO_32_BIT_CONVERSION = NO;
				GCC_WARN_ABOUT_MISSING_PROTOTYPES = NO;
				GCC_WARN_ABOUT_RETURN_TYPE = YES;
				GCC_WARN_UNUSED_FUNCTION = YES;
				GCC_WARN_UNUSED_VARIABLE = YES;
				ONLY_ACTIVE_ARCH = YES;
				SDKROOT = macosx;
			};
			name = Debug;
		};
		427469BB1DFF1F0700B436A0 /* Release */ = {
			isa = XCBuildConfiguration;
			buildSettings = {
				ARCHS = "$(ARCHS_STANDARD)";
				COPY_PHASE_STRIP = YES;
				DEBUG_INFORMATION_FORMAT = "dwarf-with-dsym";
				GCC_C_LANGUAGE_STANDARD = gnu89;
				GCC_ENABLE_OBJC_EXCEPTIONS = YES;
				GCC_VERSION = "";
				GCC_WARN_64_TO_32_BIT_CONVERSION = NO;
				GCC_WARN_ABOUT_MISSING_PROTOTYPES = NO;
				GCC_WARN_ABOUT_RETURN_TYPE = YES;
				GCC_WARN_UNUSED_FUNCTION = YES;
				GCC_WARN_UNUSED_VARIABLE = YES;
				ONLY_ACTIVE_ARCH = YES;
				SDKROOT = macosx;
			};
			name = Release;
		};
		42A7FC841EA2BA89002A1C29 /* Debug */ = {
			isa = XCBuildConfiguration;
			buildSettings = {
				ARCHS = "$(ARCHS_STANDARD)";
				GCC_C_LANGUAGE_STANDARD = gnu99;
				GCC_PRECOMPILE_PREFIX_HEADER = YES;
				GCC_PREFIX_HEADER = Prefix.pch;
				GCC_PREPROCESSOR_DEFINITIONS = (
					"DEBUG=1",
					"QBASEDIR=\".\"",
				);
				GCC_VERSION = com.apple.compilers.llvm.clang.1_0;
				GCC_WARN_64_TO_32_BIT_CONVERSION = YES;
				GCC_WARN_ABOUT_MISSING_PROTOTYPES = NO;
				INFOPLIST_FILE = Info.plist;
				MACOSX_DEPLOYMENT_TARGET = "$(RECOMMENDED_MACOSX_DEPLOYMENT_TARGET)";
				ONLY_ACTIVE_ARCH = YES;
				PRODUCT_NAME = "$(TARGET_NAME)";
				WRAPPER_EXTENSION = app;
			};
			name = Debug;
		};
		42A7FC851EA2BA89002A1C29 /* Release */ = {
			isa = XCBuildConfiguration;
			buildSettings = {
				ARCHS = "$(ARCHS_STANDARD)";
				GCC_C_LANGUAGE_STANDARD = gnu99;
				GCC_PRECOMPILE_PREFIX_HEADER = YES;
				GCC_PREFIX_HEADER = Prefix.pch;
				GCC_PREPROCESSOR_DEFINITIONS = "QBASEDIR=\".\"";
				GCC_VERSION = com.apple.compilers.llvm.clang.1_0;
				GCC_WARN_64_TO_32_BIT_CONVERSION = YES;
				GCC_WARN_ABOUT_MISSING_PROTOTYPES = NO;
				INFOPLIST_FILE = Info.plist;
				MACOSX_DEPLOYMENT_TARGET = "$(RECOMMENDED_MACOSX_DEPLOYMENT_TARGET)";
				ONLY_ACTIVE_ARCH = YES;
				PRODUCT_NAME = "$(TARGET_NAME)";
				WRAPPER_EXTENSION = app;
			};
			name = Release;
		};
/* End XCBuildConfiguration section */

/* Begin XCConfigurationList section */
		427469AC1DFF1F0700B436A0 /* Build configuration list for PBXProject "fxQuakeNEW" */ = {
			isa = XCConfigurationList;
			buildConfigurations = (
				427469BA1DFF1F0700B436A0 /* Debug */,
				427469BB1DFF1F0700B436A0 /* Release */,
			);
			defaultConfigurationIsVisible = 0;
			defaultConfigurationName = Release;
		};
		42A7FC831EA2BA89002A1C29 /* Build configuration list for PBXNativeTarget "fxQuake" */ = {
			isa = XCConfigurationList;
			buildConfigurations = (
				42A7FC841EA2BA89002A1C29 /* Debug */,
				42A7FC851EA2BA89002A1C29 /* Release */,
			);
			defaultConfigurationIsVisible = 0;
			defaultConfigurationName = Release;
		};
/* End XCConfigurationList section */
	};
	rootObject = 427469A91DFF1F0700B436A0 /* Project object */;
}
